
Microsoft Visual Studio Solution File, Format Version 12.00
# Visual Studio Version 17
VisualStudioVersion = 17.10.34916.146
MinimumVisualStudioVersion = 10.0.40219.1
Project("{FAE04EC0-301F-11D3-BF4B-00C04F79EFBC}") = "AmxBookstoreAPI", "AmxBookstoreAPI\AmxBookstoreAPI.csproj", "{EB22DBA2-1E25-4E54-9B44-0BEB7E675196}"
EndProject
Project("{2150E333-8FDC-42A3-9474-1A3956D46DE8}") = "Core", "Core", "{7F3B9F82-B8A8-4EE3-A8C3-1F28D513B120}"
EndProject
Project("{2150E333-8FDC-42A3-9474-1A3956D46DE8}") = "API", "API", "{ADA701C9-8EDF-460D-A65D-7D7FB9C5683D}"
EndProject
Project("{2150E333-8FDC-42A3-9474-1A3956D46DE8}") = "Domain", "Domain", "{6238271D-2706-48B3-B089-9149F04D3D06}"
EndProject
Project("{2150E333-8FDC-42A3-9474-1A3956D46DE8}") = "Infrastructure", "Infrastructure", "{8C544D03-B0CD-4190-BAA1-1C16128FB7A3}"
EndProject
Project("{2150E333-8FDC-42A3-9474-1A3956D46DE8}") = "Shared", "Shared", "{B9A5C6EE-5610-4B2A-AB7C-FDF17604AD74}"
EndProject
Project("{2150E333-8FDC-42A3-9474-1A3956D46DE8}") = "Tests", "Tests", "{1589F901-9E85-4816-887E-E1D12E44FD03}"
EndProject
Project("{FAE04EC0-301F-11D3-BF4B-00C04F79EFBC}") = "UnitTests", "UnitTests\UnitTests.csproj", "{C744A5F1-89BC-4F47-976A-6BCE31302859}"
EndProject
Project("{FAE04EC0-301F-11D3-BF4B-00C04F79EFBC}") = "IntegrationTests", "IntegrationTests\IntegrationTests.csproj", "{9CA46168-DBE8-42BE-9C66-A85FA39660DF}"
EndProject
Project("{FAE04EC0-301F-11D3-BF4B-00C04F79EFBC}") = "Shared", "Shared\Shared.csproj", "{E775A35F-B447-4B26-B801-889269D7621B}"
EndProject
Project("{FAE04EC0-301F-11D3-BF4B-00C04F79EFBC}") = "Repositories", "Repositories\Repositories.csproj", "{E1BF4FFD-A8EE-4F2A-9C76-675AF257927C}"
EndProject
Project("{FAE04EC0-301F-11D3-BF4B-00C04F79EFBC}") = "Persistence", "Persistence\Persistence.csproj", "{5167A0BD-5963-4B1B-AD4C-271DF4766196}"
EndProject
Project("{FAE04EC0-301F-11D3-BF4B-00C04F79EFBC}") = "Logging", "Logging\Logging.csproj", "{C2B7C787-9AAA-4C88-9D06-DB358266116D}"
EndProject
Project("{FAE04EC0-301F-11D3-BF4B-00C04F79EFBC}") = "Identity", "Identity\Identity.csproj", "{8AB1E005-3F8B-407A-9D22-DDEC35918403}"
EndProject
Project("{FAE04EC0-301F-11D3-BF4B-00C04F79EFBC}") = "EventStore", "EventStore\EventStore.csproj", "{F3B3BDF4-EA8C-4F03-B937-E490BBA882DC}"
EndProject
Project("{FAE04EC0-301F-11D3-BF4B-00C04F79EFBC}") = "Domain", "Domain\Domain.csproj", "{E53DCB7B-89A3-460C-9EC5-812D03266377}"
EndProject
Project("{FAE04EC0-301F-11D3-BF4B-00C04F79EFBC}") = "Application", "Application\Application.csproj", "{CB4F8A74-0FBA-43F9-ACFA-DED546F825B7}"
EndProject
Project("{FAE04EC0-301F-11D3-BF4B-00C04F79EFBC}") = "DependencyInjection", "DependencyInjection\DependencyInjection.csproj", "{3FBFAEE3-46E5-4B9F-9BD7-63A04B7B3608}"
EndProject
Global
	GlobalSection(SolutionConfigurationPlatforms) = preSolution
		Debug|Any CPU = Debug|Any CPU
		Release|Any CPU = Release|Any CPU
	EndGlobalSection
	GlobalSection(ProjectConfigurationPlatforms) = postSolution
		{EB22DBA2-1E25-4E54-9B44-0BEB7E675196}.Debug|Any CPU.ActiveCfg = Debug|Any CPU
		{EB22DBA2-1E25-4E54-9B44-0BEB7E675196}.Debug|Any CPU.Build.0 = Debug|Any CPU
		{EB22DBA2-1E25-4E54-9B44-0BEB7E675196}.Release|Any CPU.ActiveCfg = Release|Any CPU
		{EB22DBA2-1E25-4E54-9B44-0BEB7E675196}.Release|Any CPU.Build.0 = Release|Any CPU
		{C744A5F1-89BC-4F47-976A-6BCE31302859}.Debug|Any CPU.ActiveCfg = Debug|Any CPU
		{C744A5F1-89BC-4F47-976A-6BCE31302859}.Debug|Any CPU.Build.0 = Debug|Any CPU
		{C744A5F1-89BC-4F47-976A-6BCE31302859}.Release|Any CPU.ActiveCfg = Release|Any CPU
		{C744A5F1-89BC-4F47-976A-6BCE31302859}.Release|Any CPU.Build.0 = Release|Any CPU
		{9CA46168-DBE8-42BE-9C66-A85FA39660DF}.Debug|Any CPU.ActiveCfg = Debug|Any CPU
		{9CA46168-DBE8-42BE-9C66-A85FA39660DF}.Debug|Any CPU.Build.0 = Debug|Any CPU
		{9CA46168-DBE8-42BE-9C66-A85FA39660DF}.Release|Any CPU.ActiveCfg = Release|Any CPU
		{9CA46168-DBE8-42BE-9C66-A85FA39660DF}.Release|Any CPU.Build.0 = Release|Any CPU
		{E775A35F-B447-4B26-B801-889269D7621B}.Debug|Any CPU.ActiveCfg = Debug|Any CPU
		{E775A35F-B447-4B26-B801-889269D7621B}.Debug|Any CPU.Build.0 = Debug|Any CPU
		{E775A35F-B447-4B26-B801-889269D7621B}.Release|Any CPU.ActiveCfg = Release|Any CPU
		{E775A35F-B447-4B26-B801-889269D7621B}.Release|Any CPU.Build.0 = Release|Any CPU
		{E1BF4FFD-A8EE-4F2A-9C76-675AF257927C}.Debug|Any CPU.ActiveCfg = Debug|Any CPU
		{E1BF4FFD-A8EE-4F2A-9C76-675AF257927C}.Debug|Any CPU.Build.0 = Debug|Any CPU
		{E1BF4FFD-A8EE-4F2A-9C76-675AF257927C}.Release|Any CPU.ActiveCfg = Release|Any CPU
		{E1BF4FFD-A8EE-4F2A-9C76-675AF257927C}.Release|Any CPU.Build.0 = Release|Any CPU
		{5167A0BD-5963-4B1B-AD4C-271DF4766196}.Debug|Any CPU.ActiveCfg = Debug|Any CPU
		{5167A0BD-5963-4B1B-AD4C-271DF4766196}.Debug|Any CPU.Build.0 = Debug|Any CPU
		{5167A0BD-5963-4B1B-AD4C-271DF4766196}.Release|Any CPU.ActiveCfg = Release|Any CPU
		{5167A0BD-5963-4B1B-AD4C-271DF4766196}.Release|Any CPU.Build.0 = Release|Any CPU
		{C2B7C787-9AAA-4C88-9D06-DB358266116D}.Debug|Any CPU.ActiveCfg = Debug|Any CPU
		{C2B7C787-9AAA-4C88-9D06-DB358266116D}.Debug|Any CPU.Build.0 = Debug|Any CPU
		{C2B7C787-9AAA-4C88-9D06-DB358266116D}.Release|Any CPU.ActiveCfg = Release|Any CPU
		{C2B7C787-9AAA-4C88-9D06-DB358266116D}.Release|Any CPU.Build.0 = Release|Any CPU
		{8AB1E005-3F8B-407A-9D22-DDEC35918403}.Debug|Any CPU.ActiveCfg = Debug|Any CPU
		{8AB1E005-3F8B-407A-9D22-DDEC35918403}.Debug|Any CPU.Build.0 = Debug|Any CPU
		{8AB1E005-3F8B-407A-9D22-DDEC35918403}.Release|Any CPU.ActiveCfg = Release|Any CPU
		{8AB1E005-3F8B-407A-9D22-DDEC35918403}.Release|Any CPU.Build.0 = Release|Any CPU
		{F3B3BDF4-EA8C-4F03-B937-E490BBA882DC}.Debug|Any CPU.ActiveCfg = Debug|Any CPU
		{F3B3BDF4-EA8C-4F03-B937-E490BBA882DC}.Debug|Any CPU.Build.0 = Debug|Any CPU
		{F3B3BDF4-EA8C-4F03-B937-E490BBA882DC}.Release|Any CPU.ActiveCfg = Release|Any CPU
		{F3B3BDF4-EA8C-4F03-B937-E490BBA882DC}.Release|Any CPU.Build.0 = Release|Any CPU
		{E53DCB7B-89A3-460C-9EC5-812D03266377}.Debug|Any CPU.ActiveCfg = Debug|Any CPU
		{E53DCB7B-89A3-460C-9EC5-812D03266377}.Debug|Any CPU.Build.0 = Debug|Any CPU
		{E53DCB7B-89A3-460C-9EC5-812D03266377}.Release|Any CPU.ActiveCfg = Release|Any CPU
		{E53DCB7B-89A3-460C-9EC5-812D03266377}.Release|Any CPU.Build.0 = Release|Any CPU
		{CB4F8A74-0FBA-43F9-ACFA-DED546F825B7}.Debug|Any CPU.ActiveCfg = Debug|Any CPU
		{CB4F8A74-0FBA-43F9-ACFA-DED546F825B7}.Debug|Any CPU.Build.0 = Debug|Any CPU
		{CB4F8A74-0FBA-43F9-ACFA-DED546F825B7}.Release|Any CPU.ActiveCfg = Release|Any CPU
		{CB4F8A74-0FBA-43F9-ACFA-DED546F825B7}.Release|Any CPU.Build.0 = Release|Any CPU
		{3FBFAEE3-46E5-4B9F-9BD7-63A04B7B3608}.Debug|Any CPU.ActiveCfg = Debug|Any CPU
		{3FBFAEE3-46E5-4B9F-9BD7-63A04B7B3608}.Debug|Any CPU.Build.0 = Debug|Any CPU
		{3FBFAEE3-46E5-4B9F-9BD7-63A04B7B3608}.Release|Any CPU.ActiveCfg = Release|Any CPU
		{3FBFAEE3-46E5-4B9F-9BD7-63A04B7B3608}.Release|Any CPU.Build.0 = Release|Any CPU
	EndGlobalSection
	GlobalSection(SolutionProperties) = preSolution
		HideSolutionNode = FALSE
	EndGlobalSection
	GlobalSection(NestedProjects) = preSolution
		{EB22DBA2-1E25-4E54-9B44-0BEB7E675196} = {ADA701C9-8EDF-460D-A65D-7D7FB9C5683D}
		{C744A5F1-89BC-4F47-976A-6BCE31302859} = {1589F901-9E85-4816-887E-E1D12E44FD03}
		{9CA46168-DBE8-42BE-9C66-A85FA39660DF} = {1589F901-9E85-4816-887E-E1D12E44FD03}
		{E775A35F-B447-4B26-B801-889269D7621B} = {B9A5C6EE-5610-4B2A-AB7C-FDF17604AD74}
		{E1BF4FFD-A8EE-4F2A-9C76-675AF257927C} = {8C544D03-B0CD-4190-BAA1-1C16128FB7A3}
		{5167A0BD-5963-4B1B-AD4C-271DF4766196} = {8C544D03-B0CD-4190-BAA1-1C16128FB7A3}
		{C2B7C787-9AAA-4C88-9D06-DB358266116D} = {8C544D03-B0CD-4190-BAA1-1C16128FB7A3}
		{8AB1E005-3F8B-407A-9D22-DDEC35918403} = {8C544D03-B0CD-4190-BAA1-1C16128FB7A3}
		{F3B3BDF4-EA8C-4F03-B937-E490BBA882DC} = {8C544D03-B0CD-4190-BAA1-1C16128FB7A3}
		{E53DCB7B-89A3-460C-9EC5-812D03266377} = {6238271D-2706-48B3-B089-9149F04D3D06}
		{CB4F8A74-0FBA-43F9-ACFA-DED546F825B7} = {7F3B9F82-B8A8-4EE3-A8C3-1F28D513B120}
		{3FBFAEE3-46E5-4B9F-9BD7-63A04B7B3608} = {8C544D03-B0CD-4190-BAA1-1C16128FB7A3}
	EndGlobalSection
	GlobalSection(ExtensibilityGlobals) = postSolution
		SolutionGuid = {8A9C6002-3DBF-437F-85C6-94695954963F}
	EndGlobalSection
EndGlobal
